
Microsoft Visual Studio Solution File, Format Version 12.00
# Visual Studio Version 17
VisualStudioVersion = 17.6.33829.357
MinimumVisualStudioVersion = 10.0.40219.1
Project("{FAE04EC0-301F-11D3-BF4B-00C04F79EFBC}") = "EXCEL2", "EXCEL2\EXCEL2.csproj", "{CAC58D56-CA6C-40C4-874E-20E91D496150}"
EndProject
Global
	GlobalSection(SolutionConfigurationPlatforms) = preSolution
		Debug|Any CPU = Debug|Any CPU
		Release|Any CPU = Release|Any CPU
	EndGlobalSection
	GlobalSection(ProjectConfigurationPlatforms) = postSolution
		{CAC58D56-CA6C-40C4-874E-20E91D496150}.Debug|Any CPU.ActiveCfg = Debug|Any CPU
		{CAC58D56-CA6C-40C4-874E-20E91D496150}.Debug|Any CPU.Build.0 = Debug|Any CPU
		{CAC58D56-CA6C-40C4-874E-20E91D496150}.Release|Any CPU.ActiveCfg = Release|Any CPU
		{CAC58D56-CA6C-40C4-874E-20E91D496150}.Release|Any CPU.Build.0 = Release|Any CPU
	EndGlobalSection
	GlobalSection(SolutionProperties) = preSolution
		HideSolutionNode = FALSE
	EndGlobalSection
	GlobalSection(ExtensibilityGlobals) = postSolution
		SolutionGuid = {8C01AFB3-2D06-45B5-AB17-F6F9227C02CE}
	EndGlobalSection
EndGlobal
